
Microsoft Visual Studio Solution File, Format Version 12.00
# Visual Studio Version 16
VisualStudioVersion = 16.0.29411.108
MinimumVisualStudioVersion = 10.0.40219.1
Project("{FAE04EC0-301F-11D3-BF4B-00C04F79EFBC}") = "Kolko_Krzyzyk", "Kolko_Krzyzyk\Kolko_Krzyzyk.csproj", "{DAE330CF-848A-4D7B-BDAD-FBBF22DDAA45}"
EndProject
Project("{9A19103F-16F7-4668-BE54-9A1E7A4F7556}") = "Kolko_Krzyzyk_test", "Kolko_Krzyzyk_test\Kolko_Krzyzyk_test.csproj", "{6A2534ED-8E0D-4630-A08A-BA51414CF108}"
EndProject
Project("{FAE04EC0-301F-11D3-BF4B-00C04F79EFBC}") = "Kolko_Krzyzyk_Library", "Kolko_Krzyzyk_Library\Kolko_Krzyzyk_Library.csproj", "{7C7F1852-5026-4563-A380-1A2DF14642F1}"
EndProject
Global
	GlobalSection(SolutionConfigurationPlatforms) = preSolution
		Debug|Any CPU = Debug|Any CPU
		Release|Any CPU = Release|Any CPU
	EndGlobalSection
	GlobalSection(ProjectConfigurationPlatforms) = postSolution
		{DAE330CF-848A-4D7B-BDAD-FBBF22DDAA45}.Debug|Any CPU.ActiveCfg = Debug|Any CPU
		{DAE330CF-848A-4D7B-BDAD-FBBF22DDAA45}.Debug|Any CPU.Build.0 = Debug|Any CPU
		{DAE330CF-848A-4D7B-BDAD-FBBF22DDAA45}.Release|Any CPU.ActiveCfg = Release|Any CPU
		{DAE330CF-848A-4D7B-BDAD-FBBF22DDAA45}.Release|Any CPU.Build.0 = Release|Any CPU
		{6A2534ED-8E0D-4630-A08A-BA51414CF108}.Debug|Any CPU.ActiveCfg = Debug|Any CPU
		{6A2534ED-8E0D-4630-A08A-BA51414CF108}.Debug|Any CPU.Build.0 = Debug|Any CPU
		{6A2534ED-8E0D-4630-A08A-BA51414CF108}.Release|Any CPU.ActiveCfg = Release|Any CPU
		{6A2534ED-8E0D-4630-A08A-BA51414CF108}.Release|Any CPU.Build.0 = Release|Any CPU
		{7C7F1852-5026-4563-A380-1A2DF14642F1}.Debug|Any CPU.ActiveCfg = Debug|Any CPU
		{7C7F1852-5026-4563-A380-1A2DF14642F1}.Debug|Any CPU.Build.0 = Debug|Any CPU
		{7C7F1852-5026-4563-A380-1A2DF14642F1}.Release|Any CPU.ActiveCfg = Release|Any CPU
		{7C7F1852-5026-4563-A380-1A2DF14642F1}.Release|Any CPU.Build.0 = Release|Any CPU
	EndGlobalSection
	GlobalSection(SolutionProperties) = preSolution
		HideSolutionNode = FALSE
	EndGlobalSection
	GlobalSection(ExtensibilityGlobals) = postSolution
		SolutionGuid = {37025210-8BCF-440D-95BE-C7B5CE2B2359}
	EndGlobalSection
EndGlobal
